
Microsoft Visual Studio Solution File, Format Version 12.00
# Visual Studio Version 16
VisualStudioVersion = 16.0.31424.327
MinimumVisualStudioVersion = 10.0.40219.1
Project("{9A19103F-16F7-4668-BE54-9A1E7A4F7556}") = "Selenium", "Selenium\Selenium.csproj", "{92CBAE26-A2E0-416B-B2CC-8BA7E3E69D1E}"
EndProject
Project("{9A19103F-16F7-4668-BE54-9A1E7A4F7556}") = "SeleniumTests", "SeleniumTests\SeleniumTests.csproj", "{910A2DE9-6FFD-4068-819C-DDB9F10F7065}"
EndProject
Global
	GlobalSection(SolutionConfigurationPlatforms) = preSolution
		Debug|Any CPU = Debug|Any CPU
		Release|Any CPU = Release|Any CPU
	EndGlobalSection
	GlobalSection(ProjectConfigurationPlatforms) = postSolution
		{92CBAE26-A2E0-416B-B2CC-8BA7E3E69D1E}.Debug|Any CPU.ActiveCfg = Debug|Any CPU
		{92CBAE26-A2E0-416B-B2CC-8BA7E3E69D1E}.Debug|Any CPU.Build.0 = Debug|Any CPU
		{92CBAE26-A2E0-416B-B2CC-8BA7E3E69D1E}.Release|Any CPU.ActiveCfg = Release|Any CPU
		{92CBAE26-A2E0-416B-B2CC-8BA7E3E69D1E}.Release|Any CPU.Build.0 = Release|Any CPU
		{910A2DE9-6FFD-4068-819C-DDB9F10F7065}.Debug|Any CPU.ActiveCfg = Debug|Any CPU
		{910A2DE9-6FFD-4068-819C-DDB9F10F7065}.Debug|Any CPU.Build.0 = Debug|Any CPU
		{910A2DE9-6FFD-4068-819C-DDB9F10F7065}.Release|Any CPU.ActiveCfg = Release|Any CPU
		{910A2DE9-6FFD-4068-819C-DDB9F10F7065}.Release|Any CPU.Build.0 = Release|Any CPU
	EndGlobalSection
	GlobalSection(SolutionProperties) = preSolution
		HideSolutionNode = FALSE
	EndGlobalSection
	GlobalSection(ExtensibilityGlobals) = postSolution
		SolutionGuid = {3D3A89EB-AAD1-489B-8175-4E4FC714BC7A}
	EndGlobalSection
EndGlobal
